dependencies:
- name: postgresql
  repository: https://charts.bitnami.com/bitnami
  version: 11.2.2
- name: common
  repository: https://charts.bitnami.com/bitnami
  version: 1.14.0
digest: sha256:d3c6366ba57ea490295f1ef21233f269903188d5d8f8cf0d0ccefe906aafaf0b
generated: "2022-05-17T11:14:48.708933824+03:00"
